
Microsoft Visual Studio Solution File, Format Version 12.00
# Visual Studio Version 16
VisualStudioVersion = 16.0.29905.134
MinimumVisualStudioVersion = 10.0.40219.1
Project("{FAE04EC0-301F-11D3-BF4B-00C04F79EFBC}") = "CourseD", "CourseD\CourseD.csproj", "{ECEE01AD-29AC-4939-B1DA-7F78466A11CA}"
EndProject
Global
	GlobalSection(SolutionConfigurationPlatforms) = preSolution
		Debug|Any CPU = Debug|Any CPU
		Release|Any CPU = Release|Any CPU
	EndGlobalSection
	GlobalSection(ProjectConfigurationPlatforms) = postSolution
		{ECEE01AD-29AC-4939-B1DA-7F78466A11CA}.Debug|Any CPU.ActiveCfg = Debug|Any CPU
		{ECEE01AD-29AC-4939-B1DA-7F78466A11CA}.Debug|Any CPU.Build.0 = Debug|Any CPU
		{ECEE01AD-29AC-4939-B1DA-7F78466A11CA}.Release|Any CPU.ActiveCfg = Release|Any CPU
		{ECEE01AD-29AC-4939-B1DA-7F78466A11CA}.Release|Any CPU.Build.0 = Release|Any CPU
	EndGlobalSection
	GlobalSection(SolutionProperties) = preSolution
		HideSolutionNode = FALSE
	EndGlobalSection
	GlobalSection(ExtensibilityGlobals) = postSolution
		SolutionGuid = {26F4B284-FEDA-4B97-B7BA-D57609BFC89D}
	EndGlobalSection
EndGlobal
